
Microsoft Visual Studio Solution File, Format Version 12.00
# Visual Studio Version 16
VisualStudioVersion = 16.0.29728.190
MinimumVisualStudioVersion = 10.0.40219.1
Project("{2150E333-8FDC-42A3-9474-1A3956D46DE8}") = "Service.OpenAccount.Transactions", "Service.OpenAccount.Transactions", "{AA5F70FA-744D-43DE-8A62-4C19BD072B5A}"
EndProject
Project("{9A19103F-16F7-4668-BE54-9A1E7A4F7556}") = "Service.OpenAccount.Transactions.WebApi", "Service.OpenAccount.Transactions\Service.OpenAccount.Transactions.WebApi\Service.OpenAccount.Transactions.WebApi.csproj", "{21445C41-91F4-4CD7-98F5-26756AE19589}"
EndProject
Project("{9A19103F-16F7-4668-BE54-9A1E7A4F7556}") = "Service.OpenAccount.Transactions.Data", "Service.OpenAccount.Transactions\Service.OpenAccount.Transactions.Data\Service.OpenAccount.Transactions.Data.csproj", "{4BA41976-0125-458B-8031-AB3E93A5DE3C}"
EndProject
Project("{9A19103F-16F7-4668-BE54-9A1E7A4F7556}") = "Service.OpenAccount.Transactions.Data.Abstarctions", "Service.OpenAccount.Transactions\Service.OpenAccount.Transactions.Data.Abstarctions\Service.OpenAccount.Transactions.Data.Abstarctions.csproj", "{B92D038B-475D-470F-B475-74CB7B2CCC79}"
EndProject
Project("{9A19103F-16F7-4668-BE54-9A1E7A4F7556}") = "Service.OpenAccount.Transactions.Core", "Service.OpenAccount.Transactions\Service.OpenAccount.Transactions.Core\Service.OpenAccount.Transactions.Core.csproj", "{DB2F44E4-E28A-4924-95EE-0E8D164552EF}"
EndProject
Project("{9A19103F-16F7-4668-BE54-9A1E7A4F7556}") = "Service.OpenAccount.Transactions.Core.Abstractions", "Service.OpenAccount.Transactions\Service.OpenAccount.Transactions.Core.Abstractions\Service.OpenAccount.Transactions.Core.Abstractions.csproj", "{35940DF6-5713-474E-BC9F-9E381FA1F4A1}"
EndProject
Project("{2150E333-8FDC-42A3-9474-1A3956D46DE8}") = "Service.OpenAccount.Accounts", "Service.OpenAccount.Accounts", "{3D882B70-1074-4C44-94C6-CB99E28C74D1}"
EndProject
Project("{9A19103F-16F7-4668-BE54-9A1E7A4F7556}") = "Service.OpenAccount.Accounts.WebApi", "Service.OpenAccount.Accounts\Service.OpenAccount.Accounts.WebApi\Service.OpenAccount.Accounts.WebApi.csproj", "{8F7D4620-8C43-4CB2-A8F2-6F976E2F4120}"
EndProject
Project("{9A19103F-16F7-4668-BE54-9A1E7A4F7556}") = "Service.OpenAccount.Accounts.Data", "Service.OpenAccount.Accounts\Service.OpenAccount.Accounts.Data\Service.OpenAccount.Accounts.Data.csproj", "{080BC67B-22C0-4CC7-A481-C75DEB8A6EC1}"
EndProject
Project("{9A19103F-16F7-4668-BE54-9A1E7A4F7556}") = "Service.OpenAccount.Accounts.Data.Abstrsactions", "Service.OpenAccount.Accounts\Service.OpenAccount.Accounts.Data.Abstrsactions\Service.OpenAccount.Accounts.Data.Abstrsactions.csproj", "{BAA938DA-2AD5-4F84-B7AC-F3AABF8B0758}"
EndProject
Project("{9A19103F-16F7-4668-BE54-9A1E7A4F7556}") = "Service.OpenAccount.Accounts.Core", "Service.OpenAccount.Accounts\Service.OpenAccount.Accounts.Core\Service.OpenAccount.Accounts.Core.csproj", "{C3495B27-2944-403F-BE58-4B881B7485E9}"
EndProject
Project("{9A19103F-16F7-4668-BE54-9A1E7A4F7556}") = "Service.OpenAccount.Accounts.Core.Abstractions", "Service.OpenAccount.Accounts\Service.OpenAccount.Accounts.Core.Abstractions\Service.OpenAccount.Accounts.Core.Abstractions.csproj", "{F744CDEB-EDD0-432D-ABCE-E454C8CC539D}"
EndProject
Project("{9A19103F-16F7-4668-BE54-9A1E7A4F7556}") = "Service.OpenAccount.Accounts.Integration", "Service.OpenAccount.Accounts\Service.OpenAccount.Accounts.Integration\Service.OpenAccount.Accounts.Integration.csproj", "{5F0E5183-95F0-437D-AF38-7B340F820B03}"
EndProject
Project("{9A19103F-16F7-4668-BE54-9A1E7A4F7556}") = "Service.OpenAccount.Accounts.Integration.Abstractions", "Service.OpenAccount.Accounts\Service.OpenAccount.Accounts.Integration.Abstractions\Service.OpenAccount.Accounts.Integration.Abstractions.csproj", "{D6837FF8-10D3-44AC-92F5-1BF60C05702D}"
EndProject
Project("{2150E333-8FDC-42A3-9474-1A3956D46DE8}") = "Service.OpenAccount.Customers", "Service.OpenAccount.Customers", "{32EAEBFA-16EB-4A29-8161-6036895C5F48}"
EndProject
Project("{9A19103F-16F7-4668-BE54-9A1E7A4F7556}") = "Service.OpenAccount.Customers.WebApi", "Service.OpenAccount.Customers\Service.OpenAccount.Customers.WebApi\Service.OpenAccount.Customers.WebApi.csproj", "{393B5C42-1D13-4307-A630-6C9C497A9A21}"
EndProject
Project("{9A19103F-16F7-4668-BE54-9A1E7A4F7556}") = "Service.OpenAccount.Customers.Core", "Service.OpenAccount.Customers\Service.OpenAccount.Customers.Core\Service.OpenAccount.Customers.Core.csproj", "{3A545A72-133B-4145-9991-9D1820D06ED7}"
EndProject
Project("{9A19103F-16F7-4668-BE54-9A1E7A4F7556}") = "Service.OpenAccount.Customers.Core.Abstractions", "Service.OpenAccount.Customers\Service.OpenAccount.Customers.Core.Abstractions\Service.OpenAccount.Customers.Core.Abstractions.csproj", "{97D95369-2D03-4D41-9FFA-8DDDDC7CE4CA}"
EndProject
Project("{9A19103F-16F7-4668-BE54-9A1E7A4F7556}") = "Service.OpenAccount.Customers.Data", "Service.OpenAccount.Customers\Service.OpenAccount.Customers.Data\Service.OpenAccount.Customers.Data.csproj", "{9D5077B5-CA78-493D-ACEF-A0EC17A66BF9}"
EndProject
Project("{9A19103F-16F7-4668-BE54-9A1E7A4F7556}") = "Service.OpenAccount.Customers.Data.Abstractions", "Service.OpenAccount.Customers\Service.OpenAccount.Customers.Data.Abstractions\Service.OpenAccount.Customers.Data.Abstractions.csproj", "{132AFD91-2D52-44F0-B998-E95F50705AE6}"
EndProject
Project("{9A19103F-16F7-4668-BE54-9A1E7A4F7556}") = "Service.OpenAccount.Customers.Integration", "Service.OpenAccount.Customers\Service.OpenAccount.Customers.Integration\Service.OpenAccount.Customers.Integration.csproj", "{91C6EF81-D1B7-4A2A-B118-4D5CA2A9AA12}"
EndProject
Project("{9A19103F-16F7-4668-BE54-9A1E7A4F7556}") = "Service.OpenAccount.Customers.Integration.Abstractions", "Service.OpenAccount.Customers\Service.OpenAccount.Customers.Integration.Abstractions\Service.OpenAccount.Customers.Integration.Abstractions.csproj", "{8560A400-9668-42A3-BE77-92C53529A4C9}"
EndProject
Project("{FAE04EC0-301F-11D3-BF4B-00C04F79EFBC}") = "Service.OpenAccount.Accounts.Test", "Service.OpenAccount.Accounts\Service.OpenAccount.Accounts.Test\Service.OpenAccount.Accounts.Test.csproj", "{9B02A0CB-B425-48F3-8342-02ECED33D5F9}"
EndProject
Project("{9A19103F-16F7-4668-BE54-9A1E7A4F7556}") = "Service.OpenAccount.Customers.Tests", "Service.OpenAccount.Customers\Service.OpenAccount.Customers.Tests\Service.OpenAccount.Customers.Tests.csproj", "{879CE3BC-A4E0-4C40-8D3D-E9D2A7D43E30}"
EndProject
Global
	GlobalSection(SolutionConfigurationPlatforms) = preSolution
		Debug|Any CPU = Debug|Any CPU
		Release|Any CPU = Release|Any CPU
	EndGlobalSection
	GlobalSection(ProjectConfigurationPlatforms) = postSolution
		{21445C41-91F4-4CD7-98F5-26756AE19589}.Debug|Any CPU.ActiveCfg = Debug|Any CPU
		{21445C41-91F4-4CD7-98F5-26756AE19589}.Debug|Any CPU.Build.0 = Debug|Any CPU
		{21445C41-91F4-4CD7-98F5-26756AE19589}.Release|Any CPU.ActiveCfg = Release|Any CPU
		{21445C41-91F4-4CD7-98F5-26756AE19589}.Release|Any CPU.Build.0 = Release|Any CPU
		{4BA41976-0125-458B-8031-AB3E93A5DE3C}.Debug|Any CPU.ActiveCfg = Debug|Any CPU
		{4BA41976-0125-458B-8031-AB3E93A5DE3C}.Debug|Any CPU.Build.0 = Debug|Any CPU
		{4BA41976-0125-458B-8031-AB3E93A5DE3C}.Release|Any CPU.ActiveCfg = Release|Any CPU
		{4BA41976-0125-458B-8031-AB3E93A5DE3C}.Release|Any CPU.Build.0 = Release|Any CPU
		{B92D038B-475D-470F-B475-74CB7B2CCC79}.Debug|Any CPU.ActiveCfg = Debug|Any CPU
		{B92D038B-475D-470F-B475-74CB7B2CCC79}.Debug|Any CPU.Build.0 = Debug|Any CPU
		{B92D038B-475D-470F-B475-74CB7B2CCC79}.Release|Any CPU.ActiveCfg = Release|Any CPU
		{B92D038B-475D-470F-B475-74CB7B2CCC79}.Release|Any CPU.Build.0 = Release|Any CPU
		{DB2F44E4-E28A-4924-95EE-0E8D164552EF}.Debug|Any CPU.ActiveCfg = Debug|Any CPU
		{DB2F44E4-E28A-4924-95EE-0E8D164552EF}.Debug|Any CPU.Build.0 = Debug|Any CPU
		{DB2F44E4-E28A-4924-95EE-0E8D164552EF}.Release|Any CPU.ActiveCfg = Release|Any CPU
		{DB2F44E4-E28A-4924-95EE-0E8D164552EF}.Release|Any CPU.Build.0 = Release|Any CPU
		{35940DF6-5713-474E-BC9F-9E381FA1F4A1}.Debug|Any CPU.ActiveCfg = Debug|Any CPU
		{35940DF6-5713-474E-BC9F-9E381FA1F4A1}.Debug|Any CPU.Build.0 = Debug|Any CPU
		{35940DF6-5713-474E-BC9F-9E381FA1F4A1}.Release|Any CPU.ActiveCfg = Release|Any CPU
		{35940DF6-5713-474E-BC9F-9E381FA1F4A1}.Release|Any CPU.Build.0 = Release|Any CPU
		{8F7D4620-8C43-4CB2-A8F2-6F976E2F4120}.Debug|Any CPU.ActiveCfg = Debug|Any CPU
		{8F7D4620-8C43-4CB2-A8F2-6F976E2F4120}.Debug|Any CPU.Build.0 = Debug|Any CPU
		{8F7D4620-8C43-4CB2-A8F2-6F976E2F4120}.Release|Any CPU.ActiveCfg = Release|Any CPU
		{8F7D4620-8C43-4CB2-A8F2-6F976E2F4120}.Release|Any CPU.Build.0 = Release|Any CPU
		{080BC67B-22C0-4CC7-A481-C75DEB8A6EC1}.Debug|Any CPU.ActiveCfg = Debug|Any CPU
		{080BC67B-22C0-4CC7-A481-C75DEB8A6EC1}.Debug|Any CPU.Build.0 = Debug|Any CPU
		{080BC67B-22C0-4CC7-A481-C75DEB8A6EC1}.Release|Any CPU.ActiveCfg = Release|Any CPU
		{080BC67B-22C0-4CC7-A481-C75DEB8A6EC1}.Release|Any CPU.Build.0 = Release|Any CPU
		{BAA938DA-2AD5-4F84-B7AC-F3AABF8B0758}.Debug|Any CPU.ActiveCfg = Debug|Any CPU
		{BAA938DA-2AD5-4F84-B7AC-F3AABF8B0758}.Debug|Any CPU.Build.0 = Debug|Any CPU
		{BAA938DA-2AD5-4F84-B7AC-F3AABF8B0758}.Release|Any CPU.ActiveCfg = Release|Any CPU
		{BAA938DA-2AD5-4F84-B7AC-F3AABF8B0758}.Release|Any CPU.Build.0 = Release|Any CPU
		{C3495B27-2944-403F-BE58-4B881B7485E9}.Debug|Any CPU.ActiveCfg = Debug|Any CPU
		{C3495B27-2944-403F-BE58-4B881B7485E9}.Debug|Any CPU.Build.0 = Debug|Any CPU
		{C3495B27-2944-403F-BE58-4B881B7485E9}.Release|Any CPU.ActiveCfg = Release|Any CPU
		{C3495B27-2944-403F-BE58-4B881B7485E9}.Release|Any CPU.Build.0 = Release|Any CPU
		{F744CDEB-EDD0-432D-ABCE-E454C8CC539D}.Debug|Any CPU.ActiveCfg = Debug|Any CPU
		{F744CDEB-EDD0-432D-ABCE-E454C8CC539D}.Debug|Any CPU.Build.0 = Debug|Any CPU
		{F744CDEB-EDD0-432D-ABCE-E454C8CC539D}.Release|Any CPU.ActiveCfg = Release|Any CPU
		{F744CDEB-EDD0-432D-ABCE-E454C8CC539D}.Release|Any CPU.Build.0 = Release|Any CPU
		{5F0E5183-95F0-437D-AF38-7B340F820B03}.Debug|Any CPU.ActiveCfg = Debug|Any CPU
		{5F0E5183-95F0-437D-AF38-7B340F820B03}.Debug|Any CPU.Build.0 = Debug|Any CPU
		{5F0E5183-95F0-437D-AF38-7B340F820B03}.Release|Any CPU.ActiveCfg = Release|Any CPU
		{5F0E5183-95F0-437D-AF38-7B340F820B03}.Release|Any CPU.Build.0 = Release|Any CPU
		{D6837FF8-10D3-44AC-92F5-1BF60C05702D}.Debug|Any CPU.ActiveCfg = Debug|Any CPU
		{D6837FF8-10D3-44AC-92F5-1BF60C05702D}.Debug|Any CPU.Build.0 = Debug|Any CPU
		{D6837FF8-10D3-44AC-92F5-1BF60C05702D}.Release|Any CPU.ActiveCfg = Release|Any CPU
		{D6837FF8-10D3-44AC-92F5-1BF60C05702D}.Release|Any CPU.Build.0 = Release|Any CPU
		{393B5C42-1D13-4307-A630-6C9C497A9A21}.Debug|Any CPU.ActiveCfg = Debug|Any CPU
		{393B5C42-1D13-4307-A630-6C9C497A9A21}.Debug|Any CPU.Build.0 = Debug|Any CPU
		{393B5C42-1D13-4307-A630-6C9C497A9A21}.Release|Any CPU.ActiveCfg = Release|Any CPU
		{393B5C42-1D13-4307-A630-6C9C497A9A21}.Release|Any CPU.Build.0 = Release|Any CPU
		{3A545A72-133B-4145-9991-9D1820D06ED7}.Debug|Any CPU.ActiveCfg = Debug|Any CPU
		{3A545A72-133B-4145-9991-9D1820D06ED7}.Debug|Any CPU.Build.0 = Debug|Any CPU
		{3A545A72-133B-4145-9991-9D1820D06ED7}.Release|Any CPU.ActiveCfg = Release|Any CPU
		{3A545A72-133B-4145-9991-9D1820D06ED7}.Release|Any CPU.Build.0 = Release|Any CPU
		{97D95369-2D03-4D41-9FFA-8DDDDC7CE4CA}.Debug|Any CPU.ActiveCfg = Debug|Any CPU
		{97D95369-2D03-4D41-9FFA-8DDDDC7CE4CA}.Debug|Any CPU.Build.0 = Debug|Any CPU
		{97D95369-2D03-4D41-9FFA-8DDDDC7CE4CA}.Release|Any CPU.ActiveCfg = Release|Any CPU
		{97D95369-2D03-4D41-9FFA-8DDDDC7CE4CA}.Release|Any CPU.Build.0 = Release|Any CPU
		{9D5077B5-CA78-493D-ACEF-A0EC17A66BF9}.Debug|Any CPU.ActiveCfg = Debug|Any CPU
		{9D5077B5-CA78-493D-ACEF-A0EC17A66BF9}.Debug|Any CPU.Build.0 = Debug|Any CPU
		{9D5077B5-CA78-493D-ACEF-A0EC17A66BF9}.Release|Any CPU.ActiveCfg = Release|Any CPU
		{9D5077B5-CA78-493D-ACEF-A0EC17A66BF9}.Release|Any CPU.Build.0 = Release|Any CPU
		{132AFD91-2D52-44F0-B998-E95F50705AE6}.Debug|Any CPU.ActiveCfg = Debug|Any CPU
		{132AFD91-2D52-44F0-B998-E95F50705AE6}.Debug|Any CPU.Build.0 = Debug|Any CPU
		{132AFD91-2D52-44F0-B998-E95F50705AE6}.Release|Any CPU.ActiveCfg = Release|Any CPU
		{132AFD91-2D52-44F0-B998-E95F50705AE6}.Release|Any CPU.Build.0 = Release|Any CPU
		{91C6EF81-D1B7-4A2A-B118-4D5CA2A9AA12}.Debug|Any CPU.ActiveCfg = Debug|Any CPU
		{91C6EF81-D1B7-4A2A-B118-4D5CA2A9AA12}.Debug|Any CPU.Build.0 = Debug|Any CPU
		{91C6EF81-D1B7-4A2A-B118-4D5CA2A9AA12}.Release|Any CPU.ActiveCfg = Release|Any CPU
		{91C6EF81-D1B7-4A2A-B118-4D5CA2A9AA12}.Release|Any CPU.Build.0 = Release|Any CPU
		{8560A400-9668-42A3-BE77-92C53529A4C9}.Debug|Any CPU.ActiveCfg = Debug|Any CPU
		{8560A400-9668-42A3-BE77-92C53529A4C9}.Debug|Any CPU.Build.0 = Debug|Any CPU
		{8560A400-9668-42A3-BE77-92C53529A4C9}.Release|Any CPU.ActiveCfg = Release|Any CPU
		{8560A400-9668-42A3-BE77-92C53529A4C9}.Release|Any CPU.Build.0 = Release|Any CPU
		{9B02A0CB-B425-48F3-8342-02ECED33D5F9}.Debug|Any CPU.ActiveCfg = Debug|Any CPU
		{9B02A0CB-B425-48F3-8342-02ECED33D5F9}.Debug|Any CPU.Build.0 = Debug|Any CPU
		{9B02A0CB-B425-48F3-8342-02ECED33D5F9}.Release|Any CPU.ActiveCfg = Release|Any CPU
		{9B02A0CB-B425-48F3-8342-02ECED33D5F9}.Release|Any CPU.Build.0 = Release|Any CPU
		{879CE3BC-A4E0-4C40-8D3D-E9D2A7D43E30}.Debug|Any CPU.ActiveCfg = Debug|Any CPU
		{879CE3BC-A4E0-4C40-8D3D-E9D2A7D43E30}.Debug|Any CPU.Build.0 = Debug|Any CPU
		{879CE3BC-A4E0-4C40-8D3D-E9D2A7D43E30}.Release|Any CPU.ActiveCfg = Release|Any CPU
		{879CE3BC-A4E0-4C40-8D3D-E9D2A7D43E30}.Release|Any CPU.Build.0 = Release|Any CPU
	EndGlobalSection
	GlobalSection(SolutionProperties) = preSolution
		HideSolutionNode = FALSE
	EndGlobalSection
	GlobalSection(NestedProjects) = preSolution
		{21445C41-91F4-4CD7-98F5-26756AE19589} = {AA5F70FA-744D-43DE-8A62-4C19BD072B5A}
		{4BA41976-0125-458B-8031-AB3E93A5DE3C} = {AA5F70FA-744D-43DE-8A62-4C19BD072B5A}
		{B92D038B-475D-470F-B475-74CB7B2CCC79} = {AA5F70FA-744D-43DE-8A62-4C19BD072B5A}
		{DB2F44E4-E28A-4924-95EE-0E8D164552EF} = {AA5F70FA-744D-43DE-8A62-4C19BD072B5A}
		{35940DF6-5713-474E-BC9F-9E381FA1F4A1} = {AA5F70FA-744D-43DE-8A62-4C19BD072B5A}
		{8F7D4620-8C43-4CB2-A8F2-6F976E2F4120} = {3D882B70-1074-4C44-94C6-CB99E28C74D1}
		{080BC67B-22C0-4CC7-A481-C75DEB8A6EC1} = {3D882B70-1074-4C44-94C6-CB99E28C74D1}
		{BAA938DA-2AD5-4F84-B7AC-F3AABF8B0758} = {3D882B70-1074-4C44-94C6-CB99E28C74D1}
		{C3495B27-2944-403F-BE58-4B881B7485E9} = {3D882B70-1074-4C44-94C6-CB99E28C74D1}
		{F744CDEB-EDD0-432D-ABCE-E454C8CC539D} = {3D882B70-1074-4C44-94C6-CB99E28C74D1}
		{5F0E5183-95F0-437D-AF38-7B340F820B03} = {3D882B70-1074-4C44-94C6-CB99E28C74D1}
		{D6837FF8-10D3-44AC-92F5-1BF60C05702D} = {3D882B70-1074-4C44-94C6-CB99E28C74D1}
		{393B5C42-1D13-4307-A630-6C9C497A9A21} = {32EAEBFA-16EB-4A29-8161-6036895C5F48}
		{3A545A72-133B-4145-9991-9D1820D06ED7} = {32EAEBFA-16EB-4A29-8161-6036895C5F48}
		{97D95369-2D03-4D41-9FFA-8DDDDC7CE4CA} = {32EAEBFA-16EB-4A29-8161-6036895C5F48}
		{9D5077B5-CA78-493D-ACEF-A0EC17A66BF9} = {32EAEBFA-16EB-4A29-8161-6036895C5F48}
		{132AFD91-2D52-44F0-B998-E95F50705AE6} = {32EAEBFA-16EB-4A29-8161-6036895C5F48}
		{91C6EF81-D1B7-4A2A-B118-4D5CA2A9AA12} = {32EAEBFA-16EB-4A29-8161-6036895C5F48}
		{8560A400-9668-42A3-BE77-92C53529A4C9} = {32EAEBFA-16EB-4A29-8161-6036895C5F48}
		{9B02A0CB-B425-48F3-8342-02ECED33D5F9} = {3D882B70-1074-4C44-94C6-CB99E28C74D1}
		{879CE3BC-A4E0-4C40-8D3D-E9D2A7D43E30} = {32EAEBFA-16EB-4A29-8161-6036895C5F48}
	EndGlobalSection
	GlobalSection(ExtensibilityGlobals) = postSolution
		SolutionGuid = {4CEAFD74-BC3A-4426-A9C5-96E1A70B0933}
	EndGlobalSection
EndGlobal
